
Microsoft Visual Studio Solution File, Format Version 12.00
# Visual Studio Version 17
VisualStudioVersion = 17.5.33530.505
MinimumVisualStudioVersion = 10.0.40219.1
Project("{FAE04EC0-301F-11D3-BF4B-00C04F79EFBC}") = "Exames", "Exames\Exames.csproj", "{594DD084-7607-47C3-AF0C-DA476CC55FD0}"
EndProject
Global
	GlobalSection(SolutionConfigurationPlatforms) = preSolution
		Debug|Any CPU = Debug|Any CPU
		Release|Any CPU = Release|Any CPU
	EndGlobalSection
	GlobalSection(ProjectConfigurationPlatforms) = postSolution
		{594DD084-7607-47C3-AF0C-DA476CC55FD0}.Debug|Any CPU.ActiveCfg = Debug|Any CPU
		{594DD084-7607-47C3-AF0C-DA476CC55FD0}.Debug|Any CPU.Build.0 = Debug|Any CPU
		{594DD084-7607-47C3-AF0C-DA476CC55FD0}.Release|Any CPU.ActiveCfg = Release|Any CPU
		{594DD084-7607-47C3-AF0C-DA476CC55FD0}.Release|Any CPU.Build.0 = Release|Any CPU
	EndGlobalSection
	GlobalSection(SolutionProperties) = preSolution
		HideSolutionNode = FALSE
	EndGlobalSection
	GlobalSection(ExtensibilityGlobals) = postSolution
		SolutionGuid = {3891E2C2-8033-4CF1-94B1-55C0F95352A5}
	EndGlobalSection
EndGlobal
